// !$*UTF8*$!
{
	archiveVersion = 1;
	classes = {
	};
	objectVersion = 48;
	objects = {

/* Begin PBXBuildFile section */
		B4D290371F5A2065006149D9 /* AppDelegate.swift in Sources */ = {isa = PBXBuildFile; fileRef = B4D290361F5A2065006149D9 /* AppDelegate.swift */; };
		B4D290391F5A2066006149D9 /* art.scnassets in Resources */ = {isa = PBXBuildFile; fileRef = B4D290381F5A2066006149D9 /* art.scnassets */; };
		B4D2903B1F5A2066006149D9 /* ViewController.swift in Sources */ = {isa = PBXBuildFile; fileRef = B4D2903A1F5A2066006149D9 /* ViewController.swift */; };
		B4D2903E1F5A2066006149D9 /* Main.storyboard in Resources */ = {isa = PBXBuildFile; fileRef = B4D2903C1F5A2066006149D9 /* Main.storyboard */; };
		B4D290401F5A2066006149D9 /* Assets.xcassets in Resources */ = {isa = PBXBuildFile; fileRef = B4D2903F1F5A2066006149D9 /* Assets.xcassets */; };
		B4D290431F5A2066006149D9 /* LaunchScreen.storyboard in Resources */ = {isa = PBXBuildFile; fileRef = B4D290411F5A2066006149D9 /* LaunchScreen.storyboard */; };
		B4D2904E1F5A2066006149D9 /* _04_world_not_foundTests.swift in Sources */ = {isa = PBXBuildFile; fileRef = B4D2904D1F5A2066006149D9 /* _04_world_not_foundTests.swift */; };
		B4D290591F5A2066006149D9 /* _04_world_not_foundUITests.swift in Sources */ = {isa = PBXBuildFile; fileRef = B4D290581F5A2066006149D9 /* _04_world_not_foundUITests.swift */; };
/* End PBXBuildFile section */

/* Begin PBXContainerItemProxy section */
		B4D2904A1F5A2066006149D9 /* PBXContainerItemProxy */ = {
			isa = PBXContainerItemProxy;
			containerPortal = B4D2902B1F5A2065006149D9 /* Project object */;
			proxyType = 1;
			remoteGlobalIDString = B4D290321F5A2065006149D9;
			remoteInfo = "404 world not found";
		};
		B4D290551F5A2066006149D9 /* PBXContainerItemProxy */ = {
			isa = PBXContainerItemProxy;
			containerPortal = B4D2902B1F5A2065006149D9 /* Project object */;
			proxyType = 1;
			remoteGlobalIDString = B4D290321F5A2065006149D9;
			remoteInfo = "404 world not found";
		};
/* End PBXContainerItemProxy section */

/* Begin PBXFileReference section */
		B4D290331F5A2065006149D9 /* 404 world not found.app */ = {isa = PBXFileReference; explicitFileType = wrapper.application; includeInIndex = 0; path = "404 world not found.app"; sourceTree = BUILT_PRODUCTS_DIR; };
		B4D290361F5A2065006149D9 /* AppDelegate.swift */ = {isa = PBXFileReference; lastKnownFileType = sourcecode.swift; path = AppDelegate.swift; sourceTree = "<group>"; };
		B4D290381F5A2066006149D9 /* art.scnassets */ = {isa = PBXFileReference; lastKnownFileType = wrapper.scnassets; path = art.scnassets; sourceTree = "<group>"; };
		B4D2903A1F5A2066006149D9 /* ViewController.swift */ = {isa = PBXFileReference; lastKnownFileType = sourcecode.swift; path = ViewController.swift; sourceTree = "<group>"; };
		B4D2903D1F5A2066006149D9 /* Base */ = {isa = PBXFileReference; lastKnownFileType = file.storyboard; name = Base; path = Base.lproj/Main.storyboard; sourceTree = "<group>"; };
		B4D2903F1F5A2066006149D9 /* Assets.xcassets */ = {isa = PBXFileReference; lastKnownFileType = folder.assetcatalog; path = Assets.xcassets; sourceTree = "<group>"; };
		B4D290421F5A2066006149D9 /* Base */ = {isa = PBXFileReference; lastKnownFileType = file.storyboard; name = Base; path = Base.lproj/LaunchScreen.storyboard; sourceTree = "<group>"; };
		B4D290441F5A2066006149D9 /* Info.plist */ = {isa = PBXFileReference; lastKnownFileType = text.plist.xml; path = Info.plist; sourceTree = "<group>"; };
		B4D290491F5A2066006149D9 /* 404 world not foundTests.xctest */ = {isa = PBXFileReference; explicitFileType = wrapper.cfbundle; includeInIndex = 0; path = "404 world not foundTests.xctest"; sourceTree = BUILT_PRODUCTS_DIR; };
		B4D2904D1F5A2066006149D9 /* _04_world_not_foundTests.swift */ = {isa = PBXFileReference; lastKnownFileType = sourcecode.swift; path = _04_world_not_foundTests.swift; sourceTree = "<group>"; };
		B4D2904F1F5A2066006149D9 /* Info.plist */ = {isa = PBXFileReference; lastKnownFileType = text.plist.xml; path = Info.plist; sourceTree = "<group>"; };
		B4D290541F5A2066006149D9 /* 404 world not foundUITests.xctest */ = {isa = PBXFileReference; explicitFileType = wrapper.cfbundle; includeInIndex = 0; path = "404 world not foundUITests.xctest"; sourceTree = BUILT_PRODUCTS_DIR; };
		B4D290581F5A2066006149D9 /* _04_world_not_foundUITests.swift */ = {isa = PBXFileReference; lastKnownFileType = sourcecode.swift; path = _04_world_not_foundUITests.swift; sourceTree = "<group>"; };
		B4D2905A1F5A2066006149D9 /* Info.plist */ = {isa = PBXFileReference; lastKnownFileType = text.plist.xml; path = Info.plist; sourceTree = "<group>"; };
/* End PBXFileReference section */

/* Begin PBXFrameworksBuildPhase section */
		B4D290301F5A2065006149D9 /* Frameworks */ = {
			isa = PBXFrameworksBuildPhase;
			buildActionMask = 2147483647;
			files = (
			);
			runOnlyForDeploymentPostprocessing = 0;
		};
		B4D290461F5A2066006149D9 /* Frameworks */ = {
			isa = PBXFrameworksBuildPhase;
			buildActionMask = 2147483647;
			files = (
			);
			runOnlyForDeploymentPostprocessing = 0;
		};
		B4D290511F5A2066006149D9 /* Frameworks */ = {
			isa = PBXFrameworksBuildPhase;
			buildActionMask = 2147483647;
			files = (
			);
			runOnlyForDeploymentPostprocessing = 0;
		};
/* End PBXFrameworksBuildPhase section */

/* Begin PBXGroup section */
		B4D2902A1F5A2065006149D9 = {
			isa = PBXGroup;
			children = (
				B4D290351F5A2065006149D9 /* 404 world not found */,
				B4D2904C1F5A2066006149D9 /* 404 world not foundTests */,
				B4D290571F5A2066006149D9 /* 404 world not foundUITests */,
				B4D290341F5A2065006149D9 /* Products */,
			);
			sourceTree = "<group>";
		};
		B4D290341F5A2065006149D9 /* Products */ = {
			isa = PBXGroup;
			children = (
				B4D290331F5A2065006149D9 /* 404 world not found.app */,
				B4D290491F5A2066006149D9 /* 404 world not foundTests.xctest */,
				B4D290541F5A2066006149D9 /* 404 world not foundUITests.xctest */,
			);
			name = Products;
			sourceTree = "<group>";
		};
		B4D290351F5A2065006149D9 /* 404 world not found */ = {
			isa = PBXGroup;
			children = (
				B4D290361F5A2065006149D9 /* AppDelegate.swift */,
				B4D290381F5A2066006149D9 /* art.scnassets */,
				B4D2903A1F5A2066006149D9 /* ViewController.swift */,
				B4D2903C1F5A2066006149D9 /* Main.storyboard */,
				B4D2903F1F5A2066006149D9 /* Assets.xcassets */,
				B4D290411F5A2066006149D9 /* LaunchScreen.storyboard */,
				B4D290441F5A2066006149D9 /* Info.plist */,
			);
			path = "404 world not found";
			sourceTree = "<group>";
		};
		B4D2904C1F5A2066006149D9 /* 404 world not foundTests */ = {
			isa = PBXGroup;
			children = (
				B4D2904D1F5A2066006149D9 /* _04_world_not_foundTests.swift */,
				B4D2904F1F5A2066006149D9 /* Info.plist */,
			);
			path = "404 world not foundTests";
			sourceTree = "<group>";
		};
		B4D290571F5A2066006149D9 /* 404 world not foundUITests */ = {
			isa = PBXGroup;
			children = (
				B4D290581F5A2066006149D9 /* _04_world_not_foundUITests.swift */,
				B4D2905A1F5A2066006149D9 /* Info.plist */,
			);
			path = "404 world not foundUITests";
			sourceTree = "<group>";
		};
/* End PBXGroup section */

/* Begin PBXNativeTarget section */
		B4D290321F5A2065006149D9 /* 404 world not found */ = {
			isa = PBXNativeTarget;
			buildConfigurationList = B4D2905D1F5A2066006149D9 /* Build configuration list for PBXNativeTarget "404 world not found" */;
			buildPhases = (
				B4D2902F1F5A2065006149D9 /* Sources */,
				B4D290301F5A2065006149D9 /* Frameworks */,
				B4D290311F5A2065006149D9 /* Resources */,
			);
			buildRules = (
			);
			dependencies = (
			);
			name = "404 world not found";
			productName = "404 world not found";
			productReference = B4D290331F5A2065006149D9 /* 404 world not found.app */;
			productType = "com.apple.product-type.application";
		};
		B4D290481F5A2066006149D9 /* 404 world not foundTests */ = {
			isa = PBXNativeTarget;
			buildConfigurationList = B4D290601F5A2066006149D9 /* Build configuration list for PBXNativeTarget "404 world not foundTests" */;
			buildPhases = (
				B4D290451F5A2066006149D9 /* Sources */,
				B4D290461F5A2066006149D9 /* Frameworks */,
				B4D290471F5A2066006149D9 /* Resources */,
			);
			buildRules = (
			);
			dependencies = (
				B4D2904B1F5A2066006149D9 /* PBXTargetDependency */,
			);
			name = "404 world not foundTests";
			productName = "404 world not foundTests";
			productReference = B4D290491F5A2066006149D9 /* 404 world not foundTests.xctest */;
			productType = "com.apple.product-type.bundle.unit-test";
		};
		B4D290531F5A2066006149D9 /* 404 world not foundUITests */ = {
			isa = PBXNativeTarget;
			buildConfigurationList = B4D290631F5A2066006149D9 /* Build configuration list for PBXNativeTarget "404 world not foundUITests" */;
			buildPhases = (
				B4D290501F5A2066006149D9 /* Sources */,
				B4D290511F5A2066006149D9 /* Frameworks */,
				B4D290521F5A2066006149D9 /* Resources */,
			);
			buildRules = (
			);
			dependencies = (
				B4D290561F5A2066006149D9 /* PBXTargetDependency */,
			);
			name = "404 world not foundUITests";
			productName = "404 world not foundUITests";
			productReference = B4D290541F5A2066006149D9 /* 404 world not foundUITests.xctest */;
			productType = "com.apple.product-type.bundle.ui-testing";
		};
/* End PBXNativeTarget section */

/* Begin PBXProject section */
		B4D2902B1F5A2065006149D9 /* Project object */ = {
			isa = PBXProject;
			attributes = {
				LastSwiftUpdateCheck = 0900;
				LastUpgradeCheck = 0900;
				ORGANIZATIONNAME = "Dilraj Devgun";
				TargetAttributes = {
					B4D290321F5A2065006149D9 = {
						CreatedOnToolsVersion = 9.0;
						ProvisioningStyle = Automatic;
					};
					B4D290481F5A2066006149D9 = {
						CreatedOnToolsVersion = 9.0;
						ProvisioningStyle = Automatic;
						TestTargetID = B4D290321F5A2065006149D9;
					};
					B4D290531F5A2066006149D9 = {
						CreatedOnToolsVersion = 9.0;
						ProvisioningStyle = Automatic;
						TestTargetID = B4D290321F5A2065006149D9;
					};
				};
			};
			buildConfigurationList = B4D2902E1F5A2065006149D9 /* Build configuration list for PBXProject "404 world not found" */;
			compatibilityVersion = "Xcode 8.0";
			developmentRegion = en;
			hasScannedForEncodings = 0;
			knownRegions = (
				en,
				Base,
			);
			mainGroup = B4D2902A1F5A2065006149D9;
			productRefGroup = B4D290341F5A2065006149D9 /* Products */;
			projectDirPath = "";
			projectRoot = "";
			targets = (
				B4D290321F5A2065006149D9 /* 404 world not found */,
				B4D290481F5A2066006149D9 /* 404 world not foundTests */,
				B4D290531F5A2066006149D9 /* 404 world not foundUITests */,
			);
		};
/* End PBXProject section */

/* Begin PBXResourcesBuildPhase section */
		B4D290311F5A2065006149D9 /* Resources */ = {
			isa = PBXResourcesBuildPhase;
			buildActionMask = 2147483647;
			files = (
				B4D290391F5A2066006149D9 /* art.scnassets in Resources */,
				B4D290431F5A2066006149D9 /* LaunchScreen.storyboard in Resources */,
				B4D290401F5A2066006149D9 /* Assets.xcassets in Resources */,
				B4D2903E1F5A2066006149D9 /* Main.storyboard in Resources */,
			);
			runOnlyForDeploymentPostprocessing = 0;
		};
		B4D290471F5A2066006149D9 /* Resources */ = {
			isa = PBXResourcesBuildPhase;
			buildActionMask = 2147483647;
			files = (
			);
			runOnlyForDeploymentPostprocessing = 0;
		};
		B4D290521F5A2066006149D9 /* Resources */ = {
			isa = PBXResourcesBuildPhase;
			buildActionMask = 2147483647;
			files = (
			);
			runOnlyForDeploymentPostprocessing = 0;
		};
/* End PBXResourcesBuildPhase section */

/* Begin PBXSourcesBuildPhase section */
		B4D2902F1F5A2065006149D9 /* Sources */ = {
			isa = PBXSourcesBuildPhase;
			buildActionMask = 2147483647;
			files = (
				B4D2903B1F5A2066006149D9 /* ViewController.swift in Sources */,
				B4D290371F5A2065006149D9 /* AppDelegate.swift in Sources */,
			);
			runOnlyForDeploymentPostprocessing = 0;
		};
		B4D290451F5A2066006149D9 /* Sources */ = {
			isa = PBXSourcesBuildPhase;
			buildActionMask = 2147483647;
			files = (
				B4D2904E1F5A2066006149D9 /* _04_world_not_foundTests.swift in Sources */,
			);
			runOnlyForDeploymentPostprocessing = 0;
		};
		B4D290501F5A2066006149D9 /* Sources */ = {
			isa = PBXSourcesBuildPhase;
			buildActionMask = 2147483647;
			files = (
				B4D290591F5A2066006149D9 /* _04_world_not_foundUITests.swift in Sources */,
			);
			runOnlyForDeploymentPostprocessing = 0;
		};
/* End PBXSourcesBuildPhase section */

/* Begin PBXTargetDependency section */
		B4D2904B1F5A2066006149D9 /* PBXTargetDependency */ = {
			isa = PBXTargetDependency;
			target = B4D290321F5A2065006149D9 /* 404 world not found */;
			targetProxy = B4D2904A1F5A2066006149D9 /* PBXContainerItemProxy */;
		};
		B4D290561F5A2066006149D9 /* PBXTargetDependency */ = {
			isa = PBXTargetDependency;
			target = B4D290321F5A2065006149D9 /* 404 world not found */;
			targetProxy = B4D290551F5A2066006149D9 /* PBXContainerItemProxy */;
		};
/* End PBXTargetDependency section */

/* Begin PBXVariantGroup section */
		B4D2903C1F5A2066006149D9 /* Main.storyboard */ = {
			isa = PBXVariantGroup;
			children = (
				B4D2903D1F5A2066006149D9 /* Base */,
			);
			name = Main.storyboard;
			sourceTree = "<group>";
		};
		B4D290411F5A2066006149D9 /* LaunchScreen.storyboard */ = {
			isa = PBXVariantGroup;
			children = (
				B4D290421F5A2066006149D9 /* Base */,
			);
			name = LaunchScreen.storyboard;
			sourceTree = "<group>";
		};
/* End PBXVariantGroup section */

/* Begin XCBuildConfiguration section */
		B4D2905B1F5A2066006149D9 /* Debug */ = {
			isa = XCBuildConfiguration;
			buildSettings = {
				ALWAYS_SEARCH_USER_PATHS = NO;
				CLANG_ANALYZER_NONNULL = YES;
				CLANG_ANALYZER_NUMBER_OBJECT_CONVERSION = YES_AGGRESSIVE;
				CLANG_CXX_LANGUAGE_STANDARD = "gnu++14";
				CLANG_CXX_LIBRARY = "libc++";
				CLANG_ENABLE_MODULES = YES;
				CLANG_ENABLE_OBJC_ARC = YES;
				CLANG_WARN_BLOCK_CAPTURE_AUTORELEASING = YES;
				CLANG_WARN_BOOL_CONVERSION = YES;
				CLANG_WARN_COMMA = YES;
				CLANG_WARN_CONSTANT_CONVERSION = YES;
				CLANG_WARN_DIRECT_OBJC_ISA_USAGE = YES_ERROR;
				CLANG_WARN_DOCUMENTATION_COMMENTS = YES;
				CLANG_WARN_EMPTY_BODY = YES;
				CLANG_WARN_ENUM_CONVERSION = YES;
				CLANG_WARN_INFINITE_RECURSION = YES;
				CLANG_WARN_INT_CONVERSION = YES;
				CLANG_WARN_NON_LITERAL_NULL_CONVERSION = YES;
				CLANG_WARN_OBJC_LITERAL_CONVERSION = YES;
				CLANG_WARN_OBJC_ROOT_CLASS = YES_ERROR;
				CLANG_WARN_RANGE_LOOP_ANALYSIS = YES;
				CLANG_WARN_STRICT_PROTOTYPES = YES;
				CLANG_WARN_SUSPICIOUS_MOVE = YES;
				CLANG_WARN_UNGUARDED_AVAILABILITY = YES_AGGRESSIVE;
				CLANG_WARN_UNREACHABLE_CODE = YES;
				CLANG_WARN__DUPLICATE_METHOD_MATCH = YES;
				CODE_SIGN_IDENTITY = "iPhone Developer";
				COPY_PHASE_STRIP = NO;
				DEBUG_INFORMATION_FORMAT = dwarf;
				ENABLE_STRICT_OBJC_MSGSEND = YES;
				ENABLE_TESTABILITY = YES;
				GCC_C_LANGUAGE_STANDARD = gnu11;
				GCC_DYNAMIC_NO_PIC = NO;
				GCC_NO_COMMON_BLOCKS = YES;
				GCC_OPTIMIZATION_LEVEL = 0;
				GCC_PREPROCESSOR_DEFINITIONS = (
					"DEBUG=1",
					"$(inherited)",
				);
				GCC_WARN_64_TO_32_BIT_CONVERSION = YES;
				GCC_WARN_ABOUT_RETURN_TYPE = YES_ERROR;
				GCC_WARN_UNDECLARED_SELECTOR = YES;
				GCC_WARN_UNINITIALIZED_AUTOS = YES_AGGRESSIVE;
				GCC_WARN_UNUSED_FUNCTION = YES;
				GCC_WARN_UNUSED_VARIABLE = YES;
				IPHONEOS_DEPLOYMENT_TARGET = 11.0;
				MTL_ENABLE_DEBUG_INFO = YES;
				ONLY_ACTIVE_ARCH = YES;
				SDKROOT = iphoneos;
				SWIFT_ACTIVE_COMPILATION_CONDITIONS = DEBUG;
				SWIFT_OPTIMIZATION_LEVEL = "-Onone";
			};
			name = Debug;
		};
		B4D2905C1F5A2066006149D9 /* Release */ = {
			isa = XCBuildConfiguration;
			buildSettings = {
				ALWAYS_SEARCH_USER_PATHS = NO;
				CLANG_ANALYZER_NONNULL = YES;
				CLANG_ANALYZER_NUMBER_OBJECT_CONVERSION = YES_AGGRESSIVE;
				CLANG_CXX_LANGUAGE_STANDARD = "gnu++14";
				CLANG_CXX_LIBRARY = "libc++";
				CLANG_ENABLE_MODULES = YES;
				CLANG_ENABLE_OBJC_ARC = YES;
				CLANG_WARN_BLOCK_CAPTURE_AUTORELEASING = YES;
				CLANG_WARN_BOOL_CONVERSION = YES;
				CLANG_WARN_COMMA = YES;
				CLANG_WARN_CONSTANT_CONVERSION = YES;
				CLANG_WARN_DIRECT_OBJC_ISA_USAGE = YES_ERROR;
				CLANG_WARN_DOCUMENTATION_COMMENTS = YES;
				CLANG_WARN_EMPTY_BODY = YES;
				CLANG_WARN_ENUM_CONVERSION = YES;
				CLANG_WARN_INFINITE_RECURSION = YES;
				CLANG_WARN_INT_CONVERSION = YES;
				CLANG_WARN_NON_LITERAL_NULL_CONVERSION = YES;
				CLANG_WARN_OBJC_LITERAL_CONVERSION = YES;
				CLANG_WARN_OBJC_ROOT_CLASS = YES_ERROR;
				CLANG_WARN_RANGE_LOOP_ANALYSIS = YES;
				CLANG_WARN_STRICT_PROTOTYPES = YES;
				CLANG_WARN_SUSPICIOUS_MOVE = YES;
				CLANG_WARN_UNGUARDED_AVAILABILITY = YES_AGGRESSIVE;
				CLANG_WARN_UNREACHABLE_CODE = YES;
				CLANG_WARN__DUPLICATE_METHOD_MATCH = YES;
				CODE_SIGN_IDENTITY = "iPhone Developer";
				COPY_PHASE_STRIP = NO;
				DEBUG_INFORMATION_FORMAT = "dwarf-with-dsym";
				ENABLE_NS_ASSERTIONS = NO;
				ENABLE_STRICT_OBJC_MSGSEND = YES;
				GCC_C_LANGUAGE_STANDARD = gnu11;
				GCC_NO_COMMON_BLOCKS = YES;
				GCC_WARN_64_TO_32_BIT_CONVERSION = YES;
				GCC_WARN_ABOUT_RETURN_TYPE = YES_ERROR;
				GCC_WARN_UNDECLARED_SELECTOR = YES;
				GCC_WARN_UNINITIALIZED_AUTOS = YES_AGGRESSIVE;
				GCC_WARN_UNUSED_FUNCTION = YES;
				GCC_WARN_UNUSED_VARIABLE = YES;
				IPHONEOS_DEPLOYMENT_TARGET = 11.0;
				MTL_ENABLE_DEBUG_INFO = NO;
				SDKROOT = iphoneos;
				SWIFT_OPTIMIZATION_LEVEL = "-Owholemodule";
				VALIDATE_PRODUCT = YES;
			};
			name = Release;
		};
		B4D2905E1F5A2066006149D9 /* Debug */ = {
			isa = XCBuildConfiguration;
			buildSettings = {
				ASSETCATALOG_COMPILER_APPICON_NAME = AppIcon;
				CODE_SIGN_STYLE = Automatic;
				DEVELOPMENT_TEAM = Y5SA8QZY2L;
				INFOPLIST_FILE = "404 world not found/Info.plist";
				LD_RUNPATH_SEARCH_PATHS = "$(inherited) @executable_path/Frameworks";
				PRODUCT_BUNDLE_IDENTIFIER = "dsd.-04-world-not-found";
				PRODUCT_NAME = "$(TARGET_NAME)";
				SWIFT_VERSION = 4.0;
				TARGETED_DEVICE_FAMILY = "1,2";
			};
			name = Debug;
		};
		B4D2905F1F5A2066006149D9 /* Release */ = {
			isa = XCBuildConfiguration;
			buildSettings = {
				ASSETCATALOG_COMPILER_APPICON_NAME = AppIcon;
				CODE_SIGN_STYLE = Automatic;
				DEVELOPMENT_TEAM = Y5SA8QZY2L;
				INFOPLIST_FILE = "404 world not found/Info.plist";
				LD_RUNPATH_SEARCH_PATHS = "$(inherited) @executable_path/Frameworks";
				PRODUCT_BUNDLE_IDENTIFIER = "dsd.-04-world-not-found";
				PRODUCT_NAME = "$(TARGET_NAME)";
				SWIFT_VERSION = 4.0;
				TARGETED_DEVICE_FAMILY = "1,2";
			};
			name = Release;
		};
		B4D290611F5A2066006149D9 /* Debug */ = {
			isa = XCBuildConfiguration;
			buildSettings = {
				ALWAYS_EMBED_SWIFT_STANDARD_LIBRARIES = YES;
				BUNDLE_LOADER = "$(TEST_HOST)";
				CODE_SIGN_STYLE = Automatic;
				DEVELOPMENT_TEAM = Y5SA8QZY2L;
				INFOPLIST_FILE = "404 world not foundTests/Info.plist";
				LD_RUNPATH_SEARCH_PATHS = "$(inherited) @executable_path/Frameworks @loader_path/Frameworks";
				PRODUCT_BUNDLE_IDENTIFIER = "dsd.-04-world-not-foundTests";
				PRODUCT_NAME = "$(TARGET_NAME)";
				SWIFT_VERSION = 4.0;
				TARGETED_DEVICE_FAMILY = "1,2";
				TEST_HOST = "$(BUILT_PRODUCTS_DIR)/404 world not found.app/404 world not found";
			};
			name = Debug;
		};
		B4D290621F5A2066006149D9 /* Release */ = {
			isa = XCBuildConfiguration;
			buildSettings = {
				ALWAYS_EMBED_SWIFT_STANDARD_LIBRARIES = YES;
				BUNDLE_LOADER = "$(TEST_HOST)";
				CODE_SIGN_STYLE = Automatic;
				DEVELOPMENT_TEAM = Y5SA8QZY2L;
				INFOPLIST_FILE = "404 world not foundTests/Info.plist";
				LD_RUNPATH_SEARCH_PATHS = "$(inherited) @executable_path/Frameworks @loader_path/Frameworks";
				PRODUCT_BUNDLE_IDENTIFIER = "dsd.-04-world-not-foundTests";
				PRODUCT_NAME = "$(TARGET_NAME)";
				SWIFT_VERSION = 4.0;
				TARGETED_DEVICE_FAMILY = "1,2";
				TEST_HOST = "$(BUILT_PRODUCTS_DIR)/404 world not found.app/404 world not found";
			};
			name = Release;
		};
		B4D290641F5A2066006149D9 /* Debug */ = {
			isa = XCBuildConfiguration;
			buildSettings = {
				ALWAYS_EMBED_SWIFT_STANDARD_LIBRARIES = YES;
				CODE_SIGN_STYLE = Automatic;
				DEVELOPMENT_TEAM = Y5SA8QZY2L;
				INFOPLIST_FILE = "404 world not foundUITests/Info.plist";
				LD_RUNPATH_SEARCH_PATHS = "$(inherited) @executable_path/Frameworks @loader_path/Frameworks";
				PRODUCT_BUNDLE_IDENTIFIER = "dsd.-04-world-not-foundUITests";
				PRODUCT_NAME = "$(TARGET_NAME)";
				SWIFT_VERSION = 4.0;
				TARGETED_DEVICE_FAMILY = "1,2";
				TEST_TARGET_NAME = "404 world not found";
			};
			name = Debug;
		};
		B4D290651F5A2066006149D9 /* Release */ = {
			isa = XCBuildConfiguration;
			buildSettings = {
				ALWAYS_EMBED_SWIFT_STANDARD_LIBRARIES = YES;
				CODE_SIGN_STYLE = Automatic;
				DEVELOPMENT_TEAM = Y5SA8QZY2L;
				INFOPLIST_FILE = "404 world not foundUITests/Info.plist";
				LD_RUNPATH_SEARCH_PATHS = "$(inherited) @executable_path/Frameworks @loader_path/Frameworks";
				PRODUCT_BUNDLE_IDENTIFIER = "dsd.-04-world-not-foundUITests";
				PRODUCT_NAME = "$(TARGET_NAME)";
				SWIFT_VERSION = 4.0;
				TARGETED_DEVICE_FAMILY = "1,2";
				TEST_TARGET_NAME = "404 world not found";
			};
			name = Release;
		};
/* End XCBuildConfiguration section */

/* Begin XCConfigurationList section */
		B4D2902E1F5A2065006149D9 /* Build configuration list for PBXProject "404 world not found" */ = {
			isa = XCConfigurationList;
			buildConfigurations = (
				B4D2905B1F5A2066006149D9 /* Debug */,
				B4D2905C1F5A2066006149D9 /* Release */,
			);
			defaultConfigurationIsVisible = 0;
			defaultConfigurationName = Release;
		};
		B4D2905D1F5A2066006149D9 /* Build configuration list for PBXNativeTarget "404 world not found" */ = {
			isa = XCConfigurationList;
			buildConfigurations = (
				B4D2905E1F5A2066006149D9 /* Debug */,
				B4D2905F1F5A2066006149D9 /* Release */,
			);
			defaultConfigurationIsVisible = 0;
			defaultConfigurationName = Release;
		};
		B4D290601F5A2066006149D9 /* Build configuration list for PBXNativeTarget "404 world not foundTests" */ = {
			isa = XCConfigurationList;
			buildConfigurations = (
				B4D290611F5A2066006149D9 /* Debug */,
				B4D290621F5A2066006149D9 /* Release */,
			);
			defaultConfigurationIsVisible = 0;
			defaultConfigurationName = Release;
		};
		B4D290631F5A2066006149D9 /* Build configuration list for PBXNativeTarget "404 world not foundUITests" */ = {
			isa = XCConfigurationList;
			buildConfigurations = (
				B4D290641F5A2066006149D9 /* Debug */,
				B4D290651F5A2066006149D9 /* Release */,
			);
			defaultConfigurationIsVisible = 0;
			defaultConfigurationName = Release;
		};
/* End XCConfigurationList section */
	};
	rootObject = B4D2902B1F5A2065006149D9 /* Project object */;
}
